
Microsoft Visual Studio Solution File, Format Version 12.00
# Visual Studio Version 17
VisualStudioVersion = 17.0.31903.59
MinimumVisualStudioVersion = 10.0.40219.1
Project("{FAE04EC0-301F-11D3-BF4B-00C04F79EFBC}") = "WIUT.Registrar.Api", "WIUT.Registrar.Api\WIUT.Registrar.Api.csproj", "{846BD7FB-5724-4BA5-A27B-C0F60418D611}"
EndProject
Project("{FAE04EC0-301F-11D3-BF4B-00C04F79EFBC}") = "WIUT.Registrar.Core", "WIUT.Registrar.Core\WIUT.Registrar.Core.csproj", "{35F12BCD-4AD3-4D9F-A983-FE7CADBDB26A}"
EndProject
Project("{FAE04EC0-301F-11D3-BF4B-00C04F79EFBC}") = "WIUT.Registrar.Infrastructure", "WIUT.Registrar.Infrastructure\WIUT.Registrar.Infrastructure.csproj", "{DEC23C86-0AE5-47F3-A7CD-893C219327BA}"
EndProject
Global
	GlobalSection(SolutionConfigurationPlatforms) = preSolution
		Debug|Any CPU = Debug|Any CPU
		Release|Any CPU = Release|Any CPU
	EndGlobalSection
	GlobalSection(SolutionProperties) = preSolution
		HideSolutionNode = FALSE
	EndGlobalSection
	GlobalSection(ProjectConfigurationPlatforms) = postSolution
		{846BD7FB-5724-4BA5-A27B-C0F60418D611}.Debug|Any CPU.ActiveCfg = Debug|Any CPU
		{846BD7FB-5724-4BA5-A27B-C0F60418D611}.Debug|Any CPU.Build.0 = Debug|Any CPU
		{846BD7FB-5724-4BA5-A27B-C0F60418D611}.Release|Any CPU.ActiveCfg = Release|Any CPU
		{846BD7FB-5724-4BA5-A27B-C0F60418D611}.Release|Any CPU.Build.0 = Release|Any CPU
		{35F12BCD-4AD3-4D9F-A983-FE7CADBDB26A}.Debug|Any CPU.ActiveCfg = Debug|Any CPU
		{35F12BCD-4AD3-4D9F-A983-FE7CADBDB26A}.Debug|Any CPU.Build.0 = Debug|Any CPU
		{35F12BCD-4AD3-4D9F-A983-FE7CADBDB26A}.Release|Any CPU.ActiveCfg = Release|Any CPU
		{35F12BCD-4AD3-4D9F-A983-FE7CADBDB26A}.Release|Any CPU.Build.0 = Release|Any CPU
		{DEC23C86-0AE5-47F3-A7CD-893C219327BA}.Debug|Any CPU.ActiveCfg = Debug|Any CPU
		{DEC23C86-0AE5-47F3-A7CD-893C219327BA}.Debug|Any CPU.Build.0 = Debug|Any CPU
		{DEC23C86-0AE5-47F3-A7CD-893C219327BA}.Release|Any CPU.ActiveCfg = Release|Any CPU
		{DEC23C86-0AE5-47F3-A7CD-893C219327BA}.Release|Any CPU.Build.0 = Release|Any CPU
	EndGlobalSection
EndGlobal
